Microsoft Visual Studio Solution File, Format Version 12.00
# Visual Studio Version 17
VisualStudioVersion = 17.5.2.0
MinimumVisualStudioVersion = 10.0.40219.1
Project("{2150E333-8FDC-42A3-9474-1A3956D46DE8}") = "src", "src", "{827E0CD3-B72D-47B6-A68D-7590B98EB39B}"
EndProject
Project("{FAE04EC0-301F-11D3-BF4B-00C04F79EFBC}") = "ArsX.PublicPortal", "src\ArsX.PublicPortal\ArsX.PublicPortal.csproj", "{50710B91-AAA3-ECE1-BE99-6FE05FA6C031}"
EndProject
Global
	GlobalSection(SolutionConfigurationPlatforms) = preSolution
		Debug|Any CPU = Debug|Any CPU
		Release|Any CPU = Release|Any CPU
	EndGlobalSection
	GlobalSection(ProjectConfigurationPlatforms) = postSolution
		{50710B91-AAA3-ECE1-BE99-6FE05FA6C031}.Debug|Any CPU.ActiveCfg = Debug|Any CPU
		{50710B91-AAA3-ECE1-BE99-6FE05FA6C031}.Debug|Any CPU.Build.0 = Debug|Any CPU
		{50710B91-AAA3-ECE1-BE99-6FE05FA6C031}.Release|Any CPU.ActiveCfg = Release|Any CPU
		{50710B91-AAA3-ECE1-BE99-6FE05FA6C031}.Release|Any CPU.Build.0 = Release|Any CPU
	EndGlobalSection
	GlobalSection(SolutionProperties) = preSolution
		HideSolutionNode = FALSE
	EndGlobalSection
	GlobalSection(NestedProjects) = preSolution
		{50710B91-AAA3-ECE1-BE99-6FE05FA6C031} = {827E0CD3-B72D-47B6-A68D-7590B98EB39B}
	EndGlobalSection
	GlobalSection(ExtensibilityGlobals) = postSolution
		SolutionGuid = {4A6188D1-39CD-4521-ABF2-7AC37AE2FA4E}
	EndGlobalSection
EndGlobal
